
Microsoft Visual Studio Solution File, Format Version 12.00
# Visual Studio 14
VisualStudioVersion = 14.0.24720.0
MinimumVisualStudioVersion = 10.0.40219.1
Project("{FAE04EC0-301F-11D3-BF4B-00C04F79EFBC}") = "i2cTester", "i2cTester\i2cTester.csproj", "{2AD4DB1F-F824-47E3-B9E9-9B52150F8FF3}"
EndProject
Project("{FAE04EC0-301F-11D3-BF4B-00C04F79EFBC}") = "i2cAdapter", "i2cAdapter\i2cAdapter.csproj", "{6EA88CEC-2C49-49E3-9F7A-BD063688CC7F}"
EndProject
Project("{FAE04EC0-301F-11D3-BF4B-00C04F79EFBC}") = "htu21Tester", "htu21Tester\htu21Tester.csproj", "{D6A7A010-A966-41F1-B7DD-D0D6D9148742}"
EndProject
Global
	GlobalSection(SolutionConfigurationPlatforms) = preSolution
		Debug|Any CPU = Debug|Any CPU
		Release|Any CPU = Release|Any CPU
	EndGlobalSection
	GlobalSection(ProjectConfigurationPlatforms) = postSolution
		{2AD4DB1F-F824-47E3-B9E9-9B52150F8FF3}.Debug|Any CPU.ActiveCfg = Debug|Any CPU
		{2AD4DB1F-F824-47E3-B9E9-9B52150F8FF3}.Debug|Any CPU.Build.0 = Debug|Any CPU
		{2AD4DB1F-F824-47E3-B9E9-9B52150F8FF3}.Release|Any CPU.ActiveCfg = Release|Any CPU
		{2AD4DB1F-F824-47E3-B9E9-9B52150F8FF3}.Release|Any CPU.Build.0 = Release|Any CPU
		{6EA88CEC-2C49-49E3-9F7A-BD063688CC7F}.Debug|Any CPU.ActiveCfg = Debug|Any CPU
		{6EA88CEC-2C49-49E3-9F7A-BD063688CC7F}.Debug|Any CPU.Build.0 = Debug|Any CPU
		{6EA88CEC-2C49-49E3-9F7A-BD063688CC7F}.Release|Any CPU.ActiveCfg = Release|Any CPU
		{6EA88CEC-2C49-49E3-9F7A-BD063688CC7F}.Release|Any CPU.Build.0 = Release|Any CPU
		{D6A7A010-A966-41F1-B7DD-D0D6D9148742}.Debug|Any CPU.ActiveCfg = Debug|Any CPU
		{D6A7A010-A966-41F1-B7DD-D0D6D9148742}.Debug|Any CPU.Build.0 = Debug|Any CPU
		{D6A7A010-A966-41F1-B7DD-D0D6D9148742}.Release|Any CPU.ActiveCfg = Release|Any CPU
		{D6A7A010-A966-41F1-B7DD-D0D6D9148742}.Release|Any CPU.Build.0 = Release|Any CPU
	EndGlobalSection
	GlobalSection(SolutionProperties) = preSolution
		HideSolutionNode = FALSE
	EndGlobalSection
EndGlobal
